PODS:
  - RxCocoa (3.0.0-beta.2):
    - RxSwift (~> 3.0.0-beta.2)
  - RxSwift (3.0.0-beta.2)

DEPENDENCIES:
  - RxCocoa (= 3.0.0-beta.2)
  - RxSwift (= 3.0.0-beta.2)

SPEC CHECKSUMS:
  RxCocoa: 1dd105d8a4e18034ccd7bd6d136445363ce67c8e
  RxSwift: 0ea939d7d97cb70657190ffde8dc2a9b455778fc

PODFILE CHECKSUM: f18af7f113526ab570e325c46c3ff29c31e02252

COCOAPODS: 1.0.0
